
Microsoft Visual Studio Solution File, Format Version 12.00
# Visual Studio Version 16
VisualStudioVersion = 16.0.29521.150
MinimumVisualStudioVersion = 10.0.40219.1
Project("{FAE04EC0-301F-11D3-BF4B-00C04F79EFBC}") = "HighscoreBackend", "HighscoreBackend\HighscoreBackend.csproj", "{3686EFCF-A2CE-4A14-BAA0-D709D53AA5BF}"
EndProject
Project("{FAE04EC0-301F-11D3-BF4B-00C04F79EFBC}") = "HighscoreBackendTests", "HighscoreBackendTests\HighscoreBackendTests.csproj", "{FD26AAB5-8474-4D7B-A03B-B545CDF78EF9}"
EndProject
Global
	GlobalSection(SolutionConfigurationPlatforms) = preSolution
		Debug|Any CPU = Debug|Any CPU
		Release|Any CPU = Release|Any CPU
	EndGlobalSection
	GlobalSection(ProjectConfigurationPlatforms) = postSolution
		{3686EFCF-A2CE-4A14-BAA0-D709D53AA5BF}.Debug|Any CPU.ActiveCfg = Debug|Any CPU
		{3686EFCF-A2CE-4A14-BAA0-D709D53AA5BF}.Debug|Any CPU.Build.0 = Debug|Any CPU
		{3686EFCF-A2CE-4A14-BAA0-D709D53AA5BF}.Release|Any CPU.ActiveCfg = Release|Any CPU
		{3686EFCF-A2CE-4A14-BAA0-D709D53AA5BF}.Release|Any CPU.Build.0 = Release|Any CPU
		{FD26AAB5-8474-4D7B-A03B-B545CDF78EF9}.Debug|Any CPU.ActiveCfg = Debug|Any CPU
		{FD26AAB5-8474-4D7B-A03B-B545CDF78EF9}.Debug|Any CPU.Build.0 = Debug|Any CPU
		{FD26AAB5-8474-4D7B-A03B-B545CDF78EF9}.Release|Any CPU.ActiveCfg = Release|Any CPU
		{FD26AAB5-8474-4D7B-A03B-B545CDF78EF9}.Release|Any CPU.Build.0 = Release|Any CPU
	EndGlobalSection
	GlobalSection(SolutionProperties) = preSolution
		HideSolutionNode = FALSE
	EndGlobalSection
	GlobalSection(ExtensibilityGlobals) = postSolution
		SolutionGuid = {D4001DD6-07D1-4E58-AB1C-9CC898754441}
	EndGlobalSection
EndGlobal
